# This file was autogenerated by Stack.
# You should not edit this file by hand.
# For more information, please see the documentation at:
#   https://docs.haskellstack.org/en/stable/lock_files

packages:
- completed:
    hackage: hakyll-4.14.0.0@sha256:28aab547aa94202d486328aa4bbcd02ecbefc4e5d42dfa15e8137b731a4f5d55,9059
    pantry-tree:
      size: 8272
      sha256: b5dff3f9f3c9bc32b154d8f5b30f88fc12f88a32dd7a10ac7f16584af5059b3f
  original:
    hackage: hakyll-4.14.0.0@sha256:28aab547aa94202d486328aa4bbcd02ecbefc4e5d42dfa15e8137b731a4f5d55,9059
- completed:
    hackage: hakyll-agda-0.1.13@sha256:9416807781b886cc599d5e6d4c0c520fa671b3c7a434246e918b7d48571b58e9,1299
    pantry-tree:
      size: 214
      sha256: 98178a26d1eaaaa3c2304b3f2354164af220d5fae82703b0c45d2247635b8ac6
  original:
    hackage: hakyll-agda-0.1.13@sha256:9416807781b886cc599d5e6d4c0c520fa671b3c7a434246e918b7d48571b58e9,1299
- completed:
    hackage: agda-snippets-2.5.2@sha256:2d54cee080a97a0e48cdaed572f4fb4485ac127e272379204dc8677d017ccad3,2776
    pantry-tree:
      size: 277
      sha256: 0d337a1ad45fb4a186d5386d7cf7d21fd30d834f1cf1a21a6e1644c18f91db39
  original:
    hackage: agda-snippets-2.5.2@sha256:2d54cee080a97a0e48cdaed572f4fb4485ac127e272379204dc8677d017ccad3,2776
snapshots:
- completed:
    size: 567677
    url: https://raw.githubusercontent.com/commercialhaskell/stackage-snapshots/master/lts/17/14.yaml
    sha256: 3740f22286bf5e6e3d82f88125e1c708b6e27847211f956b530aa5d83cf39383
  original: lts-17.14
